
Microsoft Visual Studio Solution File, Format Version 12.00
# Visual Studio 15
VisualStudioVersion = 15.0.27130.2036
MinimumVisualStudioVersion = 10.0.40219.1
Project("{8BC9CEB8-8B4A-11D0-8D11-00A0C91BC942}") = "Practice9_2", "Practice9_2\Practice9_2.vcxproj", "{2456B4C1-AD10-439C-8000-E91D3A6B37CD}"
EndProject
Global
	GlobalSection(SolutionConfigurationPlatforms) = preSolution
		Debug|x64 = Debug|x64
		Debug|x86 = Debug|x86
		Release|x64 = Release|x64
		Release|x86 = Release|x86
	EndGlobalSection
	GlobalSection(ProjectConfigurationPlatforms) = postSolution
		{2456B4C1-AD10-439C-8000-E91D3A6B37CD}.Debug|x64.ActiveCfg = Debug|x64
		{2456B4C1-AD10-439C-8000-E91D3A6B37CD}.Debug|x64.Build.0 = Debug|x64
		{2456B4C1-AD10-439C-8000-E91D3A6B37CD}.Debug|x86.ActiveCfg = Debug|Win32
		{2456B4C1-AD10-439C-8000-E91D3A6B37CD}.Debug|x86.Build.0 = Debug|Win32
		{2456B4C1-AD10-439C-8000-E91D3A6B37CD}.Release|x64.ActiveCfg = Release|x64
		{2456B4C1-AD10-439C-8000-E91D3A6B37CD}.Release|x64.Build.0 = Release|x64
		{2456B4C1-AD10-439C-8000-E91D3A6B37CD}.Release|x86.ActiveCfg = Release|Win32
		{2456B4C1-AD10-439C-8000-E91D3A6B37CD}.Release|x86.Build.0 = Release|Win32
	EndGlobalSection
	GlobalSection(SolutionProperties) = preSolution
		HideSolutionNode = FALSE
	EndGlobalSection
	GlobalSection(ExtensibilityGlobals) = postSolution
		SolutionGuid = {A8646CAD-754E-4B36-85C9-53E604D90164}
	EndGlobalSection
EndGlobal
