
Microsoft Visual Studio Solution File, Format Version 12.00
# Visual Studio 15
VisualStudioVersion = 15.0.27130.2036
MinimumVisualStudioVersion = 10.0.40219.1
Project("{8BC9CEB8-8B4A-11D0-8D11-00A0C91BC942}") = "Practice11_1", "Practice11_1\Practice11_1.vcxproj", "{573D40E6-3454-4153-AC22-763A1792B7C6}"
EndProject
Global
	GlobalSection(SolutionConfigurationPlatforms) = preSolution
		Debug|x64 = Debug|x64
		Debug|x86 = Debug|x86
		Release|x64 = Release|x64
		Release|x86 = Release|x86
	EndGlobalSection
	GlobalSection(ProjectConfigurationPlatforms) = postSolution
		{573D40E6-3454-4153-AC22-763A1792B7C6}.Debug|x64.ActiveCfg = Debug|x64
		{573D40E6-3454-4153-AC22-763A1792B7C6}.Debug|x64.Build.0 = Debug|x64
		{573D40E6-3454-4153-AC22-763A1792B7C6}.Debug|x86.ActiveCfg = Debug|Win32
		{573D40E6-3454-4153-AC22-763A1792B7C6}.Debug|x86.Build.0 = Debug|Win32
		{573D40E6-3454-4153-AC22-763A1792B7C6}.Release|x64.ActiveCfg = Release|x64
		{573D40E6-3454-4153-AC22-763A1792B7C6}.Release|x64.Build.0 = Release|x64
		{573D40E6-3454-4153-AC22-763A1792B7C6}.Release|x86.ActiveCfg = Release|Win32
		{573D40E6-3454-4153-AC22-763A1792B7C6}.Release|x86.Build.0 = Release|Win32
	EndGlobalSection
	GlobalSection(SolutionProperties) = preSolution
		HideSolutionNode = FALSE
	EndGlobalSection
	GlobalSection(ExtensibilityGlobals) = postSolution
		SolutionGuid = {6913D071-9975-4C30-89C3-2CE37126C362}
	EndGlobalSection
EndGlobal
